
Microsoft Visual Studio Solution File, Format Version 12.00
# Visual Studio Version 17
VisualStudioVersion = 17.4.33122.133
MinimumVisualStudioVersion = 10.0.40219.1
Project("{FAE04EC0-301F-11D3-BF4B-00C04F79EFBC}") = "DvnApp", "DvnApp\DvnApp.csproj", "{172CB1D8-1723-4BF4-9844-D18E91E16B0D}"
EndProject
Project("{FAE04EC0-301F-11D3-BF4B-00C04F79EFBC}") = "BusinessAccessLayer", "BusinessAccessLayer\BusinessAccessLayer.csproj", "{E1A93DDF-D60A-4EB3-8E8F-5EF3D0266C7C}"
EndProject
Project("{FAE04EC0-301F-11D3-BF4B-00C04F79EFBC}") = "DataAccessLayer", "DataAccessLayer\DataAccessLayer.csproj", "{63863847-6084-448C-8C39-5CEB96A1CA80}"
EndProject
Project("{FAE04EC0-301F-11D3-BF4B-00C04F79EFBC}") = "ObjectModelLayer", "ObjectModelLayer\ObjectModelLayer.csproj", "{A4085DAF-AE34-4639-A881-70699891C5B5}"
EndProject
Global
	GlobalSection(SolutionConfigurationPlatforms) = preSolution
		Debug|Any CPU = Debug|Any CPU
		Release|Any CPU = Release|Any CPU
	EndGlobalSection
	GlobalSection(ProjectConfigurationPlatforms) = postSolution
		{172CB1D8-1723-4BF4-9844-D18E91E16B0D}.Debug|Any CPU.ActiveCfg = Debug|Any CPU
		{172CB1D8-1723-4BF4-9844-D18E91E16B0D}.Debug|Any CPU.Build.0 = Debug|Any CPU
		{172CB1D8-1723-4BF4-9844-D18E91E16B0D}.Release|Any CPU.ActiveCfg = Release|Any CPU
		{172CB1D8-1723-4BF4-9844-D18E91E16B0D}.Release|Any CPU.Build.0 = Release|Any CPU
		{E1A93DDF-D60A-4EB3-8E8F-5EF3D0266C7C}.Debug|Any CPU.ActiveCfg = Debug|Any CPU
		{E1A93DDF-D60A-4EB3-8E8F-5EF3D0266C7C}.Debug|Any CPU.Build.0 = Debug|Any CPU
		{E1A93DDF-D60A-4EB3-8E8F-5EF3D0266C7C}.Release|Any CPU.ActiveCfg = Release|Any CPU
		{E1A93DDF-D60A-4EB3-8E8F-5EF3D0266C7C}.Release|Any CPU.Build.0 = Release|Any CPU
		{63863847-6084-448C-8C39-5CEB96A1CA80}.Debug|Any CPU.ActiveCfg = Debug|Any CPU
		{63863847-6084-448C-8C39-5CEB96A1CA80}.Debug|Any CPU.Build.0 = Debug|Any CPU
		{63863847-6084-448C-8C39-5CEB96A1CA80}.Release|Any CPU.ActiveCfg = Release|Any CPU
		{63863847-6084-448C-8C39-5CEB96A1CA80}.Release|Any CPU.Build.0 = Release|Any CPU
		{A4085DAF-AE34-4639-A881-70699891C5B5}.Debug|Any CPU.ActiveCfg = Debug|Any CPU
		{A4085DAF-AE34-4639-A881-70699891C5B5}.Debug|Any CPU.Build.0 = Debug|Any CPU
		{A4085DAF-AE34-4639-A881-70699891C5B5}.Release|Any CPU.ActiveCfg = Release|Any CPU
		{A4085DAF-AE34-4639-A881-70699891C5B5}.Release|Any CPU.Build.0 = Release|Any CPU
	EndGlobalSection
	GlobalSection(SolutionProperties) = preSolution
		HideSolutionNode = FALSE
	EndGlobalSection
	GlobalSection(ExtensibilityGlobals) = postSolution
		SolutionGuid = {6C205413-F4FD-46F4-ACF5-EA18A1F2C710}
	EndGlobalSection
EndGlobal
